
Microsoft Visual Studio Solution File, Format Version 12.00
# Visual Studio Version 17
VisualStudioVersion = 17.0.31903.59
MinimumVisualStudioVersion = 10.0.40219.1
Project("{FAE04EC0-301F-11D3-BF4B-00C04F79EFBC}") = "Presentation", "Presentation\Presentation.csproj", "{0DD6A64A-F783-4AB1-AAAE-4912F3A8FD3B}"
EndProject
Project("{FAE04EC0-301F-11D3-BF4B-00C04F79EFBC}") = "Data", "Data\Data.csproj", "{A40F8118-DEF5-4700-B79A-898C5AB02862}"
EndProject
Project("{FAE04EC0-301F-11D3-BF4B-00C04F79EFBC}") = "Infrastructure", "Infrastructure\Infrastructure.csproj", "{1DBB628F-58B4-4246-99B9-D210D2519387}"
EndProject
Global
	GlobalSection(SolutionConfigurationPlatforms) = preSolution
		Debug|Any CPU = Debug|Any CPU
		Release|Any CPU = Release|Any CPU
	EndGlobalSection
	GlobalSection(SolutionProperties) = preSolution
		HideSolutionNode = FALSE
	EndGlobalSection
	GlobalSection(ProjectConfigurationPlatforms) = postSolution
		{0DD6A64A-F783-4AB1-AAAE-4912F3A8FD3B}.Debug|Any CPU.ActiveCfg = Debug|Any CPU
		{0DD6A64A-F783-4AB1-AAAE-4912F3A8FD3B}.Debug|Any CPU.Build.0 = Debug|Any CPU
		{0DD6A64A-F783-4AB1-AAAE-4912F3A8FD3B}.Release|Any CPU.ActiveCfg = Release|Any CPU
		{0DD6A64A-F783-4AB1-AAAE-4912F3A8FD3B}.Release|Any CPU.Build.0 = Release|Any CPU
		{A40F8118-DEF5-4700-B79A-898C5AB02862}.Debug|Any CPU.ActiveCfg = Debug|Any CPU
		{A40F8118-DEF5-4700-B79A-898C5AB02862}.Debug|Any CPU.Build.0 = Debug|Any CPU
		{A40F8118-DEF5-4700-B79A-898C5AB02862}.Release|Any CPU.ActiveCfg = Release|Any CPU
		{A40F8118-DEF5-4700-B79A-898C5AB02862}.Release|Any CPU.Build.0 = Release|Any CPU
		{1DBB628F-58B4-4246-99B9-D210D2519387}.Debug|Any CPU.ActiveCfg = Debug|Any CPU
		{1DBB628F-58B4-4246-99B9-D210D2519387}.Debug|Any CPU.Build.0 = Debug|Any CPU
		{1DBB628F-58B4-4246-99B9-D210D2519387}.Release|Any CPU.ActiveCfg = Release|Any CPU
		{1DBB628F-58B4-4246-99B9-D210D2519387}.Release|Any CPU.Build.0 = Release|Any CPU
	EndGlobalSection
EndGlobal
